
Microsoft Visual Studio Solution File, Format Version 12.00
# Visual Studio Version 16
VisualStudioVersion = 16.0.29609.76
MinimumVisualStudioVersion = 10.0.40219.1
Project("{FAE04EC0-301F-11D3-BF4B-00C04F79EFBC}") = "github-contributions-publisher", "github-contributions-publisher\github-contributions-publisher.csproj", "{B80AFAA4-A875-445B-8BA3-CB278AE1AAC6}"
EndProject
Global
	GlobalSection(SolutionConfigurationPlatforms) = preSolution
		Debug|Any CPU = Debug|Any CPU
		Release|Any CPU = Release|Any CPU
	EndGlobalSection
	GlobalSection(ProjectConfigurationPlatforms) = postSolution
		{B80AFAA4-A875-445B-8BA3-CB278AE1AAC6}.Debug|Any CPU.ActiveCfg = Debug|Any CPU
		{B80AFAA4-A875-445B-8BA3-CB278AE1AAC6}.Debug|Any CPU.Build.0 = Debug|Any CPU
		{B80AFAA4-A875-445B-8BA3-CB278AE1AAC6}.Release|Any CPU.ActiveCfg = Release|Any CPU
		{B80AFAA4-A875-445B-8BA3-CB278AE1AAC6}.Release|Any CPU.Build.0 = Release|Any CPU
	EndGlobalSection
	GlobalSection(SolutionProperties) = preSolution
		HideSolutionNode = FALSE
	EndGlobalSection
	GlobalSection(ExtensibilityGlobals) = postSolution
		SolutionGuid = {D52824D9-6DAB-4E17-9C4C-28731E9A8200}
	EndGlobalSection
EndGlobal
